[[package]]
name = "euler"
version = "0.1.0"
dependencies = [
 "time 0.1.39 (registry+file:///C:/Users/dejardin/Downloads/workspace/Rust/crates.io-index.git)",
]

[[package]]
name = "libc"
version = "0.2.39"
source = "registry+file:///C:/Users/dejardin/Downloads/workspace/Rust/crates.io-index.git"

[[package]]
name = "redox_syscall"
version = "0.1.37"
source = "registry+file:///C:/Users/dejardin/Downloads/workspace/Rust/crates.io-index.git"

[[package]]
name = "time"
version = "0.1.39"
source = "registry+file:///C:/Users/dejardin/Downloads/workspace/Rust/crates.io-index.git"
dependencies = [
 "libc 0.2.39 (registry+file:///C:/Users/dejardin/Downloads/workspace/Rust/crates.io-index.git)",
 "redox_syscall 0.1.37 (registry+file:///C:/Users/dejardin/Downloads/workspace/Rust/crates.io-index.git)",
 "winapi 0.3.4 (registry+file:///C:/Users/dejardin/Downloads/workspace/Rust/crates.io-index.git)",
]

[[package]]
name = "winapi"
version = "0.3.4"
source = "registry+file:///C:/Users/dejardin/Downloads/workspace/Rust/crates.io-index.git"
dependencies = [
 "winapi-i686-pc-windows-gnu 0.4.0 (registry+file:///C:/Users/dejardin/Downloads/workspace/Rust/crates.io-index.git)",
 "winapi-x86_64-pc-windows-gnu 0.4.0 (registry+file:///C:/Users/dejardin/Downloads/workspace/Rust/crates.io-index.git)",
]

[[package]]
name = "winapi-i686-pc-windows-gnu"
version = "0.4.0"
source = "registry+file:///C:/Users/dejardin/Downloads/workspace/Rust/crates.io-index.git"

[[package]]
name = "winapi-x86_64-pc-windows-gnu"
version = "0.4.0"
source = "registry+file:///C:/Users/dejardin/Downloads/workspace/Rust/crates.io-index.git"

[metadata]
"checksum libc 0.2.39 (registry+file:///C:/Users/dejardin/Downloads/workspace/Rust/crates.io-index.git)" = "f54263ad99207254cf58b5f701ecb432c717445ea2ee8af387334bdd1a03fdff"
"checksum redox_syscall 0.1.37 (registry+file:///C:/Users/dejardin/Downloads/workspace/Rust/crates.io-index.git)" = "0d92eecebad22b767915e4d529f89f28ee96dbbf5a4810d2b844373f136417fd"
"checksum time 0.1.39 (registry+file:///C:/Users/dejardin/Downloads/workspace/Rust/crates.io-index.git)" = "a15375f1df02096fb3317256ce2cee6a1f42fc84ea5ad5fc8c421cfe40c73098"
"checksum winapi 0.3.4 (registry+file:///C:/Users/dejardin/Downloads/workspace/Rust/crates.io-index.git)" = "04e3bd221fcbe8a271359c04f21a76db7d0c6028862d1bb5512d85e1e2eb5bb3"
"checksum winapi-i686-pc-windows-gnu 0.4.0 (registry+file:///C:/Users/dejardin/Downloads/workspace/Rust/crates.io-index.git)" = "ac3b87c63620426dd9b991e5ce0329eff545bccbbb34f3be09ff6fb6ab51b7b6"
"checksum winapi-x86_64-pc-windows-gnu 0.4.0 (registry+file:///C:/Users/dejardin/Downloads/workspace/Rust/crates.io-index.git)" = "712e227841d057c1ee1cd2fb22fa7e5a5461ae8e48fa2ca79ec42cfc1931183f"
